// !$*UTF8*$!
{
	archiveVersion = 1;
	classes = {
	};
	objectVersion = 46;
	objects = {

/* Begin PBXBuildFile section */
		AD01A57517E679C900DAD39A /* UIKit.framework in Frameworks */ = {isa = PBXBuildFile; fileRef = AD01A57417E679C900DAD39A /* UIKit.framework */; };
		AD01A57717E679C900DAD39A /* Foundation.framework in Frameworks */ = {isa = PBXBuildFile; fileRef = AD01A57617E679C900DAD39A /* Foundation.framework */; };
		AD01A57917E679C900DAD39A /* CoreGraphics.framework in Frameworks */ = {isa = PBXBuildFile; fileRef = AD01A57817E679C900DAD39A /* CoreGraphics.framework */; };
		AD01A57F17E679C900DAD39A /* InfoPlist.strings in Resources */ = {isa = PBXBuildFile; fileRef = AD01A57D17E679C900DAD39A /* InfoPlist.strings */; };
		AD01A58117E679C900DAD39A /* main.m in Sources */ = {isa = PBXBuildFile; fileRef = AD01A58017E679C900DAD39A /* main.m */; };
		AD01A58517E679C900DAD39A /* AppDelegate.m in Sources */ = {isa = PBXBuildFile; fileRef = AD01A58417E679C900DAD39A /* AppDelegate.m */; };
		AD01A58817E679C900DAD39A /* MainStoryboard.storyboard in Resources */ = {isa = PBXBuildFile; fileRef = AD01A58617E679C900DAD39A /* MainStoryboard.storyboard */; };
		AD01A58B17E679C900DAD39A /* ViewController.m in Sources */ = {isa = PBXBuildFile; fileRef = AD01A58A17E679C900DAD39A /* ViewController.m */; };
		AD26DABD18BD9056001CED3F /* Images.xcassets in Resources */ = {isa = PBXBuildFile; fileRef = AD26DABC18BD9056001CED3F /* Images.xcassets */; };
		AD959FCD188F6C7D000F3E3A /* SSFavoriteViewDelegate.m in Sources */ = {isa = PBXBuildFile; fileRef = AD959FCC188F6C7D000F3E3A /* SSFavoriteViewDelegate.m */; };
		AD959FD218908D9E000F3E3A /* SSArchiveFavorites.m in Sources */ = {isa = PBXBuildFile; fileRef = AD959FD118908D9E000F3E3A /* SSArchiveFavorites.m */; };
		AD9B8DD0180645F700F2F8A2 /* Social.framework in Frameworks */ = {isa = PBXBuildFile; fileRef = AD9B8DCF180645F700F2F8A2 /* Social.framework */; };
		AD9D3DB517FA694D004AC30A /* BGSets.plist in Resources */ = {isa = PBXBuildFile; fileRef = AD9D3DB417FA694D004AC30A /* BGSets.plist */; };
		ADA6797518D403BA00D17151 /* README.md in Resources */ = {isa = PBXBuildFile; fileRef = ADA6796F18D403BA00D17151 /* README.md */; };
		ADA6797618D403BA00D17151 /* release_notes.md in Resources */ = {isa = PBXBuildFile; fileRef = ADA6797018D403BA00D17151 /* release_notes.md */; };
		ADA6797818D4087D00D17151 /* libTestFlight.a in Frameworks */ = {isa = PBXBuildFile; fileRef = ADA6796E18D403BA00D17151 /* libTestFlight.a */; };
		ADA6797918D4090A00D17151 /* libz.dylib in Frameworks */ = {isa = PBXBuildFile; fileRef = ADA453FB18B5B2CE0082043C /* libz.dylib */; };
		ADF540DC17ED544300D8945B /* QuoteList.plist in Resources */ = {isa = PBXBuildFile; fileRef = ADF540DB17ED544300D8945B /* QuoteList.plist */; };
/* End PBXBuildFile section */

/* Begin PBXFileReference section */
		AD01A57017E679C900DAD39A /* MotivateMe.app */ = {isa = PBXFileReference; explicitFileType = wrapper.application; includeInIndex = 0; path = MotivateMe.app; sourceTree = BUILT_PRODUCTS_DIR; };
		AD01A57417E679C900DAD39A /* UIKit.framework */ = {isa = PBXFileReference; lastKnownFileType = wrapper.framework; name = UIKit.framework; path = System/Library/Frameworks/UIKit.framework; sourceTree = SDKROOT; };
		AD01A57617E679C900DAD39A /* Foundation.framework */ = {isa = PBXFileReference; lastKnownFileType = wrapper.framework; name = Foundation.framework; path = System/Library/Frameworks/Foundation.framework; sourceTree = SDKROOT; };
		AD01A57817E679C900DAD39A /* CoreGraphics.framework */ = {isa = PBXFileReference; lastKnownFileType = wrapper.framework; name = CoreGraphics.framework; path = System/Library/Frameworks/CoreGraphics.framework; sourceTree = SDKROOT; };
		AD01A57E17E679C900DAD39A /* en */ = {isa = PBXFileReference; lastKnownFileType = text.plist.strings; name = en; path = en.lproj/InfoPlist.strings; sourceTree = "<group>"; };
		AD01A58017E679C900DAD39A /* main.m */ = {isa = PBXFileReference; lastKnownFileType = sourcecode.c.objc; path = main.m; sourceTree = "<group>"; };
		AD01A58217E679C900DAD39A /* MotivateMe-Prefix.pch */ = {isa = PBXFileReference; lastKnownFileType = sourcecode.c.h; path = "MotivateMe-Prefix.pch"; sourceTree = "<group>"; };
		AD01A58317E679C900DAD39A /* AppDelegate.h */ = {isa = PBXFileReference; lastKnownFileType = sourcecode.c.h; path = AppDelegate.h; sourceTree = "<group>"; };
		AD01A58417E679C900DAD39A /* AppDelegate.m */ = {isa = PBXFileReference; lastKnownFileType = sourcecode.c.objc; path = AppDelegate.m; sourceTree = "<group>"; };
		AD01A58717E679C900DAD39A /* en */ = {isa = PBXFileReference; lastKnownFileType = file.storyboard; name = en; path = en.lproj/MainStoryboard.storyboard; sourceTree = "<group>"; };
		AD01A58917E679C900DAD39A /* ViewController.h */ = {isa = PBXFileReference; lastKnownFileType = sourcecode.c.h; path = ViewController.h; sourceTree = "<group>"; };
		AD01A58A17E679C900DAD39A /* ViewController.m */ = {isa = PBXFileReference; lastKnownFileType = sourcecode.c.objc; path = ViewController.m; sourceTree = "<group>"; };
		AD26DABC18BD9056001CED3F /* Images.xcassets */ = {isa = PBXFileReference; lastKnownFileType = folder.assetcatalog; name = Images.xcassets; path = MotivateMe/Images.xcassets; sourceTree = "<group>"; };
		AD959FCB188F6C7D000F3E3A /* SSFavoriteViewDelegate.h */ = {isa = PBXFileReference; fileEncoding = 4; lastKnownFileType = sourcecode.c.h; path = SSFavoriteViewDelegate.h; sourceTree = "<group>"; };
		AD959FCC188F6C7D000F3E3A /* SSFavoriteViewDelegate.m */ = {isa = PBXFileReference; fileEncoding = 4; lastKnownFileType = sourcecode.c.objc; path = SSFavoriteViewDelegate.m; sourceTree = "<group>"; };
		AD959FD018908D9E000F3E3A /* SSArchiveFavorites.h */ = {isa = PBXFileReference; fileEncoding = 4; lastKnownFileType = sourcecode.c.h; path = SSArchiveFavorites.h; sourceTree = "<group>"; };
		AD959FD118908D9E000F3E3A /* SSArchiveFavorites.m */ = {isa = PBXFileReference; fileEncoding = 4; lastKnownFileType = sourcecode.c.objc; path = SSArchiveFavorites.m; sourceTree = "<group>"; };
		AD9B8DCF180645F700F2F8A2 /* Social.framework */ = {isa = PBXFileReference; lastKnownFileType = wrapper.framework; name = Social.framework; path = System/Library/Frameworks/Social.framework; sourceTree = SDKROOT; };
		AD9D3DB417FA694D004AC30A /* BGSets.plist */ = {isa = PBXFileReference; fileEncoding = 4; lastKnownFileType = text.plist.xml; path = BGSets.plist; sourceTree = "<group>"; };
		ADA453FB18B5B2CE0082043C /* libz.dylib */ = {isa = PBXFileReference; lastKnownFileType = "compiled.mach-o.dylib"; name = libz.dylib; path = usr/lib/libz.dylib; sourceTree = SDKROOT; };
		ADA6796E18D403BA00D17151 /* libTestFlight.a */ = {isa = PBXFileReference; lastKnownFileType = archive.ar; path = libTestFlight.a; sourceTree = "<group>"; };
		ADA6796F18D403BA00D17151 /* README.md */ = {isa = PBXFileReference; fileEncoding = 4; lastKnownFileType = text; path = README.md; sourceTree = "<group>"; };
		ADA6797018D403BA00D17151 /* release_notes.md */ = {isa = PBXFileReference; fileEncoding = 4; lastKnownFileType = text; path = release_notes.md; sourceTree = "<group>"; };
		ADA6797118D403BA00D17151 /* TestFlight+AsyncLogging.h */ = {isa = PBXFileReference; fileEncoding = 4; lastKnownFileType = sourcecode.c.h; path = "TestFlight+AsyncLogging.h"; sourceTree = "<group>"; };
		ADA6797218D403BA00D17151 /* TestFlight+ManualSessions.h */ = {isa = PBXFileReference; fileEncoding = 4; lastKnownFileType = sourcecode.c.h; path = "TestFlight+ManualSessions.h"; sourceTree = "<group>"; };
		ADA6797318D403BA00D17151 /* TestFlight.h */ = {isa = PBXFileReference; fileEncoding = 4; lastKnownFileType = sourcecode.c.h; path = TestFlight.h; sourceTree = "<group>"; };
		ADB20B37182F4286009800D8 /* MotivateMe-Info.plist */ = {isa = PBXFileReference; fileEncoding = 4; lastKnownFileType = text.plist.xml; path = "MotivateMe-Info.plist"; sourceTree = "<group>"; };
		ADF540DB17ED544300D8945B /* QuoteList.plist */ = {isa = PBXFileReference; fileEncoding = 4; lastKnownFileType = text.plist.xml; path = QuoteList.plist; sourceTree = "<group>"; };
/* End PBXFileReference section */

/* Begin PBXFrameworksBuildPhase section */
		AD01A56D17E679C900DAD39A /* Frameworks */ = {
			isa = PBXFrameworksBuildPhase;
			buildActionMask = 2147483647;
			files = (
				ADA6797918D4090A00D17151 /* libz.dylib in Frameworks */,
				ADA6797818D4087D00D17151 /* libTestFlight.a in Frameworks */,
				AD9B8DD0180645F700F2F8A2 /* Social.framework in Frameworks */,
				AD01A57517E679C900DAD39A /* UIKit.framework in Frameworks */,
				AD01A57717E679C900DAD39A /* Foundation.framework in Frameworks */,
				AD01A57917E679C900DAD39A /* CoreGraphics.framework in Frameworks */,
			);
			runOnlyForDeploymentPostprocessing = 0;
		};
/* End PBXFrameworksBuildPhase section */

/* Begin PBXGroup section */
		AD01A56517E679C900DAD39A = {
			isa = PBXGroup;
			children = (
				ADA6796D18D403BA00D17151 /* TestFlightSDK3 */,
				AD26DABC18BD9056001CED3F /* Images.xcassets */,
				ADA453DE18A9CC280082043C /* iPad */,
				AD01A57A17E679C900DAD39A /* GoodMorning */,
				AD01A57317E679C900DAD39A /* Frameworks */,
				AD01A57117E679C900DAD39A /* Products */,
			);
			sourceTree = "<group>";
		};
		AD01A57117E679C900DAD39A /* Products */ = {
			isa = PBXGroup;
			children = (
				AD01A57017E679C900DAD39A /* MotivateMe.app */,
			);
			name = Products;
			sourceTree = "<group>";
		};
		AD01A57317E679C900DAD39A /* Frameworks */ = {
			isa = PBXGroup;
			children = (
				ADA453FB18B5B2CE0082043C /* libz.dylib */,
				AD9B8DCF180645F700F2F8A2 /* Social.framework */,
				AD01A57417E679C900DAD39A /* UIKit.framework */,
				AD01A57617E679C900DAD39A /* Foundation.framework */,
				AD01A57817E679C900DAD39A /* CoreGraphics.framework */,
			);
			name = Frameworks;
			sourceTree = "<group>";
		};
		AD01A57A17E679C900DAD39A /* GoodMorning */ = {
			isa = PBXGroup;
			children = (
				AD9B8DD118064EA100F2F8A2 /* iPad */,
				AD01A58317E679C900DAD39A /* AppDelegate.h */,
				AD01A58417E679C900DAD39A /* AppDelegate.m */,
				AD01A58617E679C900DAD39A /* MainStoryboard.storyboard */,
				AD01A58917E679C900DAD39A /* ViewController.h */,
				AD01A58A17E679C900DAD39A /* ViewController.m */,
				AD959FCB188F6C7D000F3E3A /* SSFavoriteViewDelegate.h */,
				AD959FCC188F6C7D000F3E3A /* SSFavoriteViewDelegate.m */,
				AD959FD018908D9E000F3E3A /* SSArchiveFavorites.h */,
				AD959FD118908D9E000F3E3A /* SSArchiveFavorites.m */,
				AD01A57B17E679C900DAD39A /* Supporting Files */,
			);
			path = GoodMorning;
			sourceTree = "<group>";
		};
		AD01A57B17E679C900DAD39A /* Supporting Files */ = {
			isa = PBXGroup;
			children = (
				ADB20B37182F4286009800D8 /* MotivateMe-Info.plist */,
				AD9D3DB417FA694D004AC30A /* BGSets.plist */,
				ADF540DB17ED544300D8945B /* QuoteList.plist */,
				AD01A57D17E679C900DAD39A /* InfoPlist.strings */,
				AD01A58017E679C900DAD39A /* main.m */,
				AD01A58217E679C900DAD39A /* MotivateMe-Prefix.pch */,
			);
			name = "Supporting Files";
			sourceTree = "<group>";
		};
		AD9B8DD118064EA100F2F8A2 /* iPad */ = {
			isa = PBXGroup;
			children = (
			);
			name = iPad;
			sourceTree = "<group>";
		};
		ADA453DE18A9CC280082043C /* iPad */ = {
			isa = PBXGroup;
			children = (
			);
			name = iPad;
			sourceTree = "<group>";
		};
		ADA6796D18D403BA00D17151 /* TestFlightSDK3 */ = {
			isa = PBXGroup;
			children = (
				ADA6796E18D403BA00D17151 /* libTestFlight.a */,
				ADA6796F18D403BA00D17151 /* README.md */,
				ADA6797018D403BA00D17151 /* release_notes.md */,
				ADA6797118D403BA00D17151 /* TestFlight+AsyncLogging.h */,
				ADA6797218D403BA00D17151 /* TestFlight+ManualSessions.h */,
				ADA6797318D403BA00D17151 /* TestFlight.h */,
			);
			path = TestFlightSDK3;
			sourceTree = "<group>";
		};
/* End PBXGroup section */

/* Begin PBXNativeTarget section */
		AD01A56F17E679C900DAD39A /* MotivateMe */ = {
			isa = PBXNativeTarget;
			buildConfigurationList = AD01A58E17E679C900DAD39A /* Build configuration list for PBXNativeTarget "MotivateMe" */;
			buildPhases = (
				AD01A56C17E679C900DAD39A /* Sources */,
				AD01A56D17E679C900DAD39A /* Frameworks */,
				AD01A56E17E679C900DAD39A /* Resources */,
			);
			buildRules = (
			);
			dependencies = (
			);
			name = MotivateMe;
			productName = GoodMorning;
			productReference = AD01A57017E679C900DAD39A /* MotivateMe.app */;
			productType = "com.apple.product-type.application";
		};
/* End PBXNativeTarget section */

/* Begin PBXProject section */
		AD01A56717E679C900DAD39A /* Project object */ = {
			isa = PBXProject;
			attributes = {
				LastUpgradeCheck = 0510;
				TargetAttributes = {
					AD01A56F17E679C900DAD39A = {
						DevelopmentTeam = B66JTZQ2LV;
					};
				};
			};
			buildConfigurationList = AD01A56A17E679C900DAD39A /* Build configuration list for PBXProject "MotivateMe" */;
			compatibilityVersion = "Xcode 3.2";
			developmentRegion = English;
			hasScannedForEncodings = 0;
			knownRegions = (
				en,
			);
			mainGroup = AD01A56517E679C900DAD39A;
			productRefGroup = AD01A57117E679C900DAD39A /* Products */;
			projectDirPath = "";
			projectRoot = "";
			targets = (
				AD01A56F17E679C900DAD39A /* MotivateMe */,
			);
		};
/* End PBXProject section */

/* Begin PBXResourcesBuildPhase section */
		AD01A56E17E679C900DAD39A /* Resources */ = {
			isa = PBXResourcesBuildPhase;
			buildActionMask = 2147483647;
			files = (
				ADA6797618D403BA00D17151 /* release_notes.md in Resources */,
				AD01A57F17E679C900DAD39A /* InfoPlist.strings in Resources */,
				AD01A58817E679C900DAD39A /* MainStoryboard.storyboard in Resources */,
				AD26DABD18BD9056001CED3F /* Images.xcassets in Resources */,
				ADF540DC17ED544300D8945B /* QuoteList.plist in Resources */,
				ADA6797518D403BA00D17151 /* README.md in Resources */,
				AD9D3DB517FA694D004AC30A /* BGSets.plist in Resources */,
			);
			runOnlyForDeploymentPostprocessing = 0;
		};
/* End PBXResourcesBuildPhase section */

/* Begin PBXSourcesBuildPhase section */
		AD01A56C17E679C900DAD39A /* Sources */ = {
			isa = PBXSourcesBuildPhase;
			buildActionMask = 2147483647;
			files = (
				AD01A58117E679C900DAD39A /* main.m in Sources */,
				AD01A58517E679C900DAD39A /* AppDelegate.m in Sources */,
				AD01A58B17E679C900DAD39A /* ViewController.m in Sources */,
				AD959FD218908D9E000F3E3A /* SSArchiveFavorites.m in Sources */,
				AD959FCD188F6C7D000F3E3A /* SSFavoriteViewDelegate.m in Sources */,
			);
			runOnlyForDeploymentPostprocessing = 0;
		};
/* End PBXSourcesBuildPhase section */

/* Begin PBXVariantGroup section */
		AD01A57D17E679C900DAD39A /* InfoPlist.strings */ = {
			isa = PBXVariantGroup;
			children = (
				AD01A57E17E679C900DAD39A /* en */,
			);
			name = InfoPlist.strings;
			sourceTree = "<group>";
		};
		AD01A58617E679C900DAD39A /* MainStoryboard.storyboard */ = {
			isa = PBXVariantGroup;
			children = (
				AD01A58717E679C900DAD39A /* en */,
			);
			name = MainStoryboard.storyboard;
			sourceTree = "<group>";
		};
/* End PBXVariantGroup section */

/* Begin XCBuildConfiguration section */
		AD01A58C17E679C900DAD39A /* Debug */ = {
			isa = XCBuildConfiguration;
			buildSettings = {
				ALWAYS_SEARCH_USER_PATHS = NO;
				CLANG_ENABLE_OBJC_ARC = YES;
				CLANG_WARN_BOOL_CONVERSION = YES;
				CLANG_WARN_CONSTANT_CONVERSION = YES;
				CLANG_WARN_EMPTY_BODY = YES;
				CLANG_WARN_ENUM_CONVERSION = YES;
				CLANG_WARN_INT_CONVERSION = YES;
				CLANG_WARN__DUPLICATE_METHOD_MATCH = YES;
				CODE_SIGN_IDENTITY = "iPhone Developer: Shodhankumar Shah (UT7YAB9Q6K)";
				"CODE_SIGN_IDENTITY[sdk=iphoneos*]" = "iPhone Developer: Shodhankumar Shah (UT7YAB9Q6K)";
				COPY_PHASE_STRIP = NO;
				GCC_C_LANGUAGE_STANDARD = gnu99;
				GCC_DYNAMIC_NO_PIC = NO;
				GCC_OPTIMIZATION_LEVEL = 0;
				GCC_PREPROCESSOR_DEFINITIONS = (
					"DEBUG=1",
					"$(inherited)",
				);
				GCC_SYMBOLS_PRIVATE_EXTERN = NO;
				GCC_VERSION = com.apple.compilers.llvm.clang.1_0;
				GCC_WARN_64_TO_32_BIT_CONVERSION = YES;
				GCC_WARN_ABOUT_MISSING_PROTOTYPES = YES;
				GCC_WARN_ABOUT_RETURN_TYPE = YES;
				GCC_WARN_UNDECLARED_SELECTOR = YES;
				GCC_WARN_UNINITIALIZED_AUTOS = YES;
				GCC_WARN_UNUSED_FUNCTION = YES;
				GCC_WARN_UNUSED_VARIABLE = YES;
				IPHONEOS_DEPLOYMENT_TARGET = 7.0;
				ONLY_ACTIVE_ARCH = YES;
				SDKROOT = iphoneos;
				TARGETED_DEVICE_FAMILY = "1,2";
			};
			name = Debug;
		};
		AD01A58D17E679C900DAD39A /* Release */ = {
			isa = XCBuildConfiguration;
			buildSettings = {
				ALWAYS_SEARCH_USER_PATHS = NO;
				CLANG_ENABLE_OBJC_ARC = YES;
				CLANG_WARN_BOOL_CONVERSION = YES;
				CLANG_WARN_CONSTANT_CONVERSION = YES;
				CLANG_WARN_EMPTY_BODY = YES;
				CLANG_WARN_ENUM_CONVERSION = YES;
				CLANG_WARN_INT_CONVERSION = YES;
				CLANG_WARN__DUPLICATE_METHOD_MATCH = YES;
				CODE_SIGN_IDENTITY = "iPhone Distribution: Shodhan Shah (B66JTZQ2LV)";
				"CODE_SIGN_IDENTITY[sdk=iphoneos*]" = "iPhone Distribution: Shodhan Shah (B66JTZQ2LV)";
				COPY_PHASE_STRIP = YES;
				GCC_C_LANGUAGE_STANDARD = gnu99;
				GCC_VERSION = com.apple.compilers.llvm.clang.1_0;
				GCC_WARN_64_TO_32_BIT_CONVERSION = YES;
				GCC_WARN_ABOUT_MISSING_PROTOTYPES = YES;
				GCC_WARN_ABOUT_RETURN_TYPE = YES;
				GCC_WARN_UNDECLARED_SELECTOR = YES;
				GCC_WARN_UNINITIALIZED_AUTOS = YES;
				GCC_WARN_UNUSED_FUNCTION = YES;
				GCC_WARN_UNUSED_VARIABLE = YES;
				IPHONEOS_DEPLOYMENT_TARGET = 7.0;
				OTHER_CFLAGS = "-DNS_BLOCK_ASSERTIONS=1";
				SDKROOT = iphoneos;
				TARGETED_DEVICE_FAMILY = "1,2";
				VALIDATE_PRODUCT = YES;
			};
			name = Release;
		};
		AD01A58F17E679C900DAD39A /* Debug */ = {
			isa = XCBuildConfiguration;
			buildSettings = {
				ASSETCATALOG_COMPILER_APPICON_NAME = AppIcon;
				ASSETCATALOG_COMPILER_LAUNCHIMAGE_NAME = LaunchImage;
				CODE_SIGN_IDENTITY = "iPhone Developer: Shodhankumar Shah (UT7YAB9Q6K)";
				"CODE_SIGN_IDENTITY[sdk=iphoneos*]" = "iPhone Developer: Shodhankumar Shah (UT7YAB9Q6K)";
				GCC_PRECOMPILE_PREFIX_HEADER = YES;
				GCC_PREFIX_HEADER = "GoodMorning/MotivateMe-Prefix.pch";
				INFOPLIST_FILE = "$(SRCROOT)/GoodMorning/MotivateMe-Info.plist";
				IPHONEOS_DEPLOYMENT_TARGET = 7.0;
				LIBRARY_SEARCH_PATHS = (
					"$(inherited)",
					/Users/shodhan2001/OBJC/GoodMorning/TestFlightSDK3,
					/Users/shodhan2001/OBJC/GoodMorning/TestFlightSDK3,
				);
				PRODUCT_NAME = MotivateMe;
				PROVISIONING_PROFILE = "65E6D843-BABE-4F75-8186-FDF07A6ACC6A";
				TARGETED_DEVICE_FAMILY = 1;
				WRAPPER_EXTENSION = app;
			};
			name = Debug;
		};
		AD01A59017E679C900DAD39A /* Release */ = {
			isa = XCBuildConfiguration;
			buildSettings = {
				ASSETCATALOG_COMPILER_APPICON_NAME = AppIcon;
				ASSETCATALOG_COMPILER_LAUNCHIMAGE_NAME = LaunchImage;
				CODE_SIGN_IDENTITY = "iPhone Distribution: Shodhan Shah (B66JTZQ2LV)";
				"CODE_SIGN_IDENTITY[sdk=iphoneos*]" = "iPhone Distribution: Shodhan Shah (B66JTZQ2LV)";
				GCC_PRECOMPILE_PREFIX_HEADER = YES;
				GCC_PREFIX_HEADER = "GoodMorning/MotivateMe-Prefix.pch";
				INFOPLIST_FILE = "$(SRCROOT)/GoodMorning/MotivateMe-Info.plist";
				IPHONEOS_DEPLOYMENT_TARGET = 7.0;
				LIBRARY_SEARCH_PATHS = (
					"$(inherited)",
					/Users/shodhan2001/OBJC/GoodMorning/TestFlightSDK3,
					/Users/shodhan2001/OBJC/GoodMorning/TestFlightSDK3,
				);
				PRODUCT_NAME = MotivateMe;
				PROVISIONING_PROFILE = "C18C5428-5A66-4BCB-806D-7275C517D482";
				TARGETED_DEVICE_FAMILY = 1;
				WRAPPER_EXTENSION = app;
			};
			name = Release;
		};
		ADA453E318AF1C940082043C /* Ad_Hoc */ = {
			isa = XCBuildConfiguration;
			buildSettings = {
				ALWAYS_SEARCH_USER_PATHS = NO;
				CLANG_ENABLE_OBJC_ARC = YES;
				CLANG_WARN_BOOL_CONVERSION = YES;
				CLANG_WARN_CONSTANT_CONVERSION = YES;
				CLANG_WARN_EMPTY_BODY = YES;
				CLANG_WARN_ENUM_CONVERSION = YES;
				CLANG_WARN_INT_CONVERSION = YES;
				CLANG_WARN__DUPLICATE_METHOD_MATCH = YES;
				CODE_SIGN_IDENTITY = "iPhone Distribution: Shodhan Shah (B66JTZQ2LV)";
				"CODE_SIGN_IDENTITY[sdk=iphoneos*]" = "iPhone Distribution: Shodhan Shah (B66JTZQ2LV)";
				COPY_PHASE_STRIP = YES;
				GCC_C_LANGUAGE_STANDARD = gnu99;
				GCC_VERSION = com.apple.compilers.llvm.clang.1_0;
				GCC_WARN_64_TO_32_BIT_CONVERSION = YES;
				GCC_WARN_ABOUT_MISSING_PROTOTYPES = YES;
				GCC_WARN_ABOUT_RETURN_TYPE = YES;
				GCC_WARN_UNDECLARED_SELECTOR = YES;
				GCC_WARN_UNINITIALIZED_AUTOS = YES;
				GCC_WARN_UNUSED_FUNCTION = YES;
				GCC_WARN_UNUSED_VARIABLE = YES;
				IPHONEOS_DEPLOYMENT_TARGET = 7.0;
				OTHER_CFLAGS = "-DNS_BLOCK_ASSERTIONS=1";
				SDKROOT = iphoneos;
				TARGETED_DEVICE_FAMILY = "1,2";
				VALIDATE_PRODUCT = YES;
			};
			name = Ad_Hoc;
		};
		ADA453E418AF1C940082043C /* Ad_Hoc */ = {
			isa = XCBuildConfiguration;
			buildSettings = {
				ASSETCATALOG_COMPILER_APPICON_NAME = AppIcon;
				ASSETCATALOG_COMPILER_LAUNCHIMAGE_NAME = LaunchImage;
				CODE_SIGN_IDENTITY = "iPhone Distribution: Shodhan Shah (B66JTZQ2LV)";
				"CODE_SIGN_IDENTITY[sdk=iphoneos*]" = "iPhone Distribution: Shodhan Shah (B66JTZQ2LV)";
				GCC_PRECOMPILE_PREFIX_HEADER = YES;
				GCC_PREFIX_HEADER = "GoodMorning/MotivateMe-Prefix.pch";
				INFOPLIST_FILE = "$(SRCROOT)/GoodMorning/MotivateMe-Info.plist";
				IPHONEOS_DEPLOYMENT_TARGET = 7.0;
				LIBRARY_SEARCH_PATHS = (
					"$(inherited)",
					/Users/shodhan2001/OBJC/GoodMorning/TestFlightSDK3,
					/Users/shodhan2001/OBJC/GoodMorning/TestFlightSDK3,
				);
				PRODUCT_NAME = MotivateMe;
				PROVISIONING_PROFILE = "27196AAD-3267-47B8-8AA8-D493CDA30F55";
				TARGETED_DEVICE_FAMILY = 1;
				WRAPPER_EXTENSION = app;
			};
			name = Ad_Hoc;
		};
/* End XCBuildConfiguration section */

/* Begin XCConfigurationList section */
		AD01A56A17E679C900DAD39A /* Build configuration list for PBXProject "MotivateMe" */ = {
			isa = XCConfigurationList;
			buildConfigurations = (
				AD01A58C17E679C900DAD39A /* Debug */,
				AD01A58D17E679C900DAD39A /* Release */,
				ADA453E318AF1C940082043C /* Ad_Hoc */,
			);
			defaultConfigurationIsVisible = 0;
			defaultConfigurationName = Release;
		};
		AD01A58E17E679C900DAD39A /* Build configuration list for PBXNativeTarget "MotivateMe" */ = {
			isa = XCConfigurationList;
			buildConfigurations = (
				AD01A58F17E679C900DAD39A /* Debug */,
				AD01A59017E679C900DAD39A /* Release */,
				ADA453E418AF1C940082043C /* Ad_Hoc */,
			);
			defaultConfigurationIsVisible = 0;
			defaultConfigurationName = Release;
		};
/* End XCConfigurationList section */
	};
	rootObject = AD01A56717E679C900DAD39A /* Project object */;
}
